
Microsoft Visual Studio Solution File, Format Version 12.00
# Visual Studio Version 16
VisualStudioVersion = 16.0.29519.87
MinimumVisualStudioVersion = 10.0.40219.1
Project("{FAE04EC0-301F-11D3-BF4B-00C04F79EFBC}") = "Experion.CabO", "Experion.CabO.csproj", "{C2488641-51D3-4574-B1F0-E4528F942F37}"
EndProject
Project("{FAE04EC0-301F-11D3-BF4B-00C04F79EFBC}") = "Experion.CabO.Data", "..\Experion.CabO.Data\Experion.CabO.Data.csproj", "{D5B1781D-0BA0-497F-AF82-CD6A48568187}"
EndProject
Project("{FAE04EC0-301F-11D3-BF4B-00C04F79EFBC}") = "Experion.CabO.Services", "..\Experion.CabO.Services\Experion.CabO.Services.csproj", "{EB216529-3965-478F-A57C-642DAF9E9997}"
EndProject
Global
	GlobalSection(SolutionConfigurationPlatforms) = preSolution
		Debug|Any CPU = Debug|Any CPU
		Release|Any CPU = Release|Any CPU
	EndGlobalSection
	GlobalSection(ProjectConfigurationPlatforms) = postSolution
		{C2488641-51D3-4574-B1F0-E4528F942F37}.Debug|Any CPU.ActiveCfg = Debug|Any CPU
		{C2488641-51D3-4574-B1F0-E4528F942F37}.Debug|Any CPU.Build.0 = Debug|Any CPU
		{C2488641-51D3-4574-B1F0-E4528F942F37}.Release|Any CPU.ActiveCfg = Release|Any CPU
		{C2488641-51D3-4574-B1F0-E4528F942F37}.Release|Any CPU.Build.0 = Release|Any CPU
		{D5B1781D-0BA0-497F-AF82-CD6A48568187}.Debug|Any CPU.ActiveCfg = Debug|Any CPU
		{D5B1781D-0BA0-497F-AF82-CD6A48568187}.Debug|Any CPU.Build.0 = Debug|Any CPU
		{D5B1781D-0BA0-497F-AF82-CD6A48568187}.Release|Any CPU.ActiveCfg = Release|Any CPU
		{D5B1781D-0BA0-497F-AF82-CD6A48568187}.Release|Any CPU.Build.0 = Release|Any CPU
		{EB216529-3965-478F-A57C-642DAF9E9997}.Debug|Any CPU.ActiveCfg = Debug|Any CPU
		{EB216529-3965-478F-A57C-642DAF9E9997}.Debug|Any CPU.Build.0 = Debug|Any CPU
		{EB216529-3965-478F-A57C-642DAF9E9997}.Release|Any CPU.ActiveCfg = Release|Any CPU
		{EB216529-3965-478F-A57C-642DAF9E9997}.Release|Any CPU.Build.0 = Release|Any CPU
	EndGlobalSection
	GlobalSection(SolutionProperties) = preSolution
		HideSolutionNode = FALSE
	EndGlobalSection
	GlobalSection(ExtensibilityGlobals) = postSolution
		SolutionGuid = {BC4FA334-176F-4625-89BC-774CBAE406E2}
	EndGlobalSection
EndGlobal
